# This file is automatically @generated by Cargo.
# It is not intended for manual editing.
version = 4

[[package]]
name = "agent"
version = "0.0.1"
dependencies = [
 "models",
]

[[package]]
name = "backend"
version = "0.0.1"
dependencies = [
 "engine",
 "models",
 "provider",
]

[[package]]
name = "cache-redis"
version = "0.0.1"
dependencies = [
 "models",
 "provider",
]

[[package]]
name = "cli"
version = "0.0.1"
dependencies = [
 "models",
]

[[package]]
name = "collector-kubernetes"
version = "0.0.1"
dependencies = [
 "models",
 "provider",
]

[[package]]
name = "engine"
version = "0.0.1"
dependencies = [
 "models",
 "provider",
]

[[package]]
name = "models"
version = "0.0.1"

[[package]]
name = "monitra"
version = "0.0.1"
dependencies = [
 "cache-redis",
 "collector-kubernetes",
 "notify-slack",
 "store-postgres",
]

[[package]]
name = "notify-slack"
version = "0.0.1"
dependencies = [
 "models",
 "provider",
]

[[package]]
name = "notify-webhook"
version = "0.0.1"
dependencies = [
 "models",
 "provider",
]

[[package]]
name = "provider"
version = "0.0.1"
dependencies = [
 "models",
]

[[package]]
name = "storage"
version = "0.0.1"
dependencies = [
 "models",
 "provider",
]

[[package]]
name = "store-postgres"
version = "0.0.1"
dependencies = [
 "models",
 "provider",
]

[[package]]
name = "tui"
version = "0.0.1"
dependencies = [
 "models",
]
